// !$*UTF8*$!
{
	archiveVersion = 1;
	classes = {
	};
	objectVersion = 46;
	objects = {

/* Begin PBXBuildFile section */
		377D9D0715516259009D19C0 /* UIKit.framework in Frameworks */ = {isa = PBXBuildFile; fileRef = 377D9D0615516259009D19C0 /* UIKit.framework */; };
		377D9D0915516259009D19C0 /* Foundation.framework in Frameworks */ = {isa = PBXBuildFile; fileRef = 377D9D0815516259009D19C0 /* Foundation.framework */; };
		377D9D0B15516259009D19C0 /* CoreGraphics.framework in Frameworks */ = {isa = PBXBuildFile; fileRef = 377D9D0A15516259009D19C0 /* CoreGraphics.framework */; };
		377D9D1115516259009D19C0 /* InfoPlist.strings in Resources */ = {isa = PBXBuildFile; fileRef = 377D9D0F15516259009D19C0 /* InfoPlist.strings */; };
		377D9D1315516259009D19C0 /* main.m in Sources */ = {isa = PBXBuildFile; fileRef = 377D9D1215516259009D19C0 /* main.m */; };
		377D9D1715516259009D19C0 /* May3AppDelegate.m in Sources */ = {isa = PBXBuildFile; fileRef = 377D9D1615516259009D19C0 /* May3AppDelegate.m */; };
		377D9D1A15516259009D19C0 /* May3ViewController.m in Sources */ = {isa = PBXBuildFile; fileRef = 377D9D1915516259009D19C0 /* May3ViewController.m */; };
		377D9D251551626A009D19C0 /* Default.png in Resources */ = {isa = PBXBuildFile; fileRef = 377D9D231551626A009D19C0 /* Default.png */; };
		377D9D261551626A009D19C0 /* Icon.png in Resources */ = {isa = PBXBuildFile; fileRef = 377D9D241551626A009D19C0 /* Icon.png */; };
		377D9D2915516289009D19C0 /* View.m in Sources */ = {isa = PBXBuildFile; fileRef = 377D9D2815516289009D19C0 /* View.m */; };
		377D9D2C15516299009D19C0 /* BrickView.m in Sources */ = {isa = PBXBuildFile; fileRef = 377D9D2B15516299009D19C0 /* BrickView.m */; };
		377D9D2E155165AD009D19C0 /* AudioToolbox.framework in Frameworks */ = {isa = PBXBuildFile; fileRef = 377D9D2D155165AD009D19C0 /* AudioToolbox.framework */; };
		377D9D30155165D7009D19C0 /* QuartzCore.framework in Frameworks */ = {isa = PBXBuildFile; fileRef = 377D9D2F155165D7009D19C0 /* QuartzCore.framework */; };
		377D9D3315516748009D19C0 /* beep.mp3 in Resources */ = {isa = PBXBuildFile; fileRef = 377D9D3115516748009D19C0 /* beep.mp3 */; };
		377D9D3415516748009D19C0 /* star.png in Resources */ = {isa = PBXBuildFile; fileRef = 377D9D3215516748009D19C0 /* star.png */; };
/* End PBXBuildFile section */

/* Begin PBXFileReference section */
		377D9D0215516259009D19C0 /* May3.app */ = {isa = PBXFileReference; explicitFileType = wrapper.application; includeInIndex = 0; path = May3.app; sourceTree = BUILT_PRODUCTS_DIR; };
		377D9D0615516259009D19C0 /* UIKit.framework */ = {isa = PBXFileReference; lastKnownFileType = wrapper.framework; name = UIKit.framework; path = System/Library/Frameworks/UIKit.framework; sourceTree = SDKROOT; };
		377D9D0815516259009D19C0 /* Foundation.framework */ = {isa = PBXFileReference; lastKnownFileType = wrapper.framework; name = Foundation.framework; path = System/Library/Frameworks/Foundation.framework; sourceTree = SDKROOT; };
		377D9D0A15516259009D19C0 /* CoreGraphics.framework */ = {isa = PBXFileReference; lastKnownFileType = wrapper.framework; name = CoreGraphics.framework; path = System/Library/Frameworks/CoreGraphics.framework; sourceTree = SDKROOT; };
		377D9D0E15516259009D19C0 /* May3-Info.plist */ = {isa = PBXFileReference; lastKnownFileType = text.plist.xml; path = "May3-Info.plist"; sourceTree = "<group>"; };
		377D9D1015516259009D19C0 /* en */ = {isa = PBXFileReference; lastKnownFileType = text.plist.strings; name = en; path = en.lproj/InfoPlist.strings; sourceTree = "<group>"; };
		377D9D1215516259009D19C0 /* main.m */ = {isa = PBXFileReference; lastKnownFileType = sourcecode.c.objc; path = main.m; sourceTree = "<group>"; };
		377D9D1415516259009D19C0 /* May3-Prefix.pch */ = {isa = PBXFileReference; lastKnownFileType = sourcecode.c.h; path = "May3-Prefix.pch"; sourceTree = "<group>"; };
		377D9D1515516259009D19C0 /* May3AppDelegate.h */ = {isa = PBXFileReference; lastKnownFileType = sourcecode.c.h; path = May3AppDelegate.h; sourceTree = "<group>"; };
		377D9D1615516259009D19C0 /* May3AppDelegate.m */ = {isa = PBXFileReference; lastKnownFileType = sourcecode.c.objc; path = May3AppDelegate.m; sourceTree = "<group>"; };
		377D9D1815516259009D19C0 /* May3ViewController.h */ = {isa = PBXFileReference; lastKnownFileType = sourcecode.c.h; path = May3ViewController.h; sourceTree = "<group>"; };
		377D9D1915516259009D19C0 /* May3ViewController.m */ = {isa = PBXFileReference; lastKnownFileType = sourcecode.c.objc; path = May3ViewController.m; sourceTree = "<group>"; };
		377D9D231551626A009D19C0 /* Default.png */ = {isa = PBXFileReference; lastKnownFileType = image.png; path = Default.png; sourceTree = "<group>"; };
		377D9D241551626A009D19C0 /* Icon.png */ = {isa = PBXFileReference; lastKnownFileType = image.png; path = Icon.png; sourceTree = "<group>"; };
		377D9D2715516289009D19C0 /* View.h */ = {isa = PBXFileReference; fileEncoding = 4; lastKnownFileType = sourcecode.c.h; path = View.h; sourceTree = "<group>"; };
		377D9D2815516289009D19C0 /* View.m */ = {isa = PBXFileReference; fileEncoding = 4; lastKnownFileType = sourcecode.c.objc; path = View.m; sourceTree = "<group>"; };
		377D9D2A15516299009D19C0 /* BrickView.h */ = {isa = PBXFileReference; fileEncoding = 4; lastKnownFileType = sourcecode.c.h; path = BrickView.h; sourceTree = "<group>"; };
		377D9D2B15516299009D19C0 /* BrickView.m */ = {isa = PBXFileReference; fileEncoding = 4; lastKnownFileType = sourcecode.c.objc; path = BrickView.m; sourceTree = "<group>"; };
		377D9D2D155165AD009D19C0 /* AudioToolbox.framework */ = {isa = PBXFileReference; lastKnownFileType = wrapper.framework; name = AudioToolbox.framework; path = System/Library/Frameworks/AudioToolbox.framework; sourceTree = SDKROOT; };
		377D9D2F155165D7009D19C0 /* QuartzCore.framework */ = {isa = PBXFileReference; lastKnownFileType = wrapper.framework; name = QuartzCore.framework; path = System/Library/Frameworks/QuartzCore.framework; sourceTree = SDKROOT; };
		377D9D3115516748009D19C0 /* beep.mp3 */ = {isa = PBXFileReference; lastKnownFileType = audio.mp3; path = beep.mp3; sourceTree = "<group>"; };
		377D9D3215516748009D19C0 /* star.png */ = {isa = PBXFileReference; lastKnownFileType = image.png; path = star.png; sourceTree = "<group>"; };
/* End PBXFileReference section */

/* Begin PBXFrameworksBuildPhase section */
		377D9CFF15516259009D19C0 /* Frameworks */ = {
			isa = PBXFrameworksBuildPhase;
			buildActionMask = 2147483647;
			files = (
				377D9D30155165D7009D19C0 /* QuartzCore.framework in Frameworks */,
				377D9D2E155165AD009D19C0 /* AudioToolbox.framework in Frameworks */,
				377D9D0715516259009D19C0 /* UIKit.framework in Frameworks */,
				377D9D0915516259009D19C0 /* Foundation.framework in Frameworks */,
				377D9D0B15516259009D19C0 /* CoreGraphics.framework in Frameworks */,
			);
			runOnlyForDeploymentPostprocessing = 0;
		};
/* End PBXFrameworksBuildPhase section */

/* Begin PBXGroup section */
		377D9CF715516258009D19C0 = {
			isa = PBXGroup;
			children = (
				377D9D0C15516259009D19C0 /* May3 */,
				377D9D0515516259009D19C0 /* Frameworks */,
				377D9D0315516259009D19C0 /* Products */,
			);
			sourceTree = "<group>";
		};
		377D9D0315516259009D19C0 /* Products */ = {
			isa = PBXGroup;
			children = (
				377D9D0215516259009D19C0 /* May3.app */,
			);
			name = Products;
			sourceTree = "<group>";
		};
		377D9D0515516259009D19C0 /* Frameworks */ = {
			isa = PBXGroup;
			children = (
				377D9D2F155165D7009D19C0 /* QuartzCore.framework */,
				377D9D2D155165AD009D19C0 /* AudioToolbox.framework */,
				377D9D0615516259009D19C0 /* UIKit.framework */,
				377D9D0815516259009D19C0 /* Foundation.framework */,
				377D9D0A15516259009D19C0 /* CoreGraphics.framework */,
			);
			name = Frameworks;
			sourceTree = "<group>";
		};
		377D9D0C15516259009D19C0 /* May3 */ = {
			isa = PBXGroup;
			children = (
				377D9D1515516259009D19C0 /* May3AppDelegate.h */,
				377D9D1615516259009D19C0 /* May3AppDelegate.m */,
				377D9D1815516259009D19C0 /* May3ViewController.h */,
				377D9D1915516259009D19C0 /* May3ViewController.m */,
				377D9D2715516289009D19C0 /* View.h */,
				377D9D2815516289009D19C0 /* View.m */,
				377D9D2A15516299009D19C0 /* BrickView.h */,
				377D9D2B15516299009D19C0 /* BrickView.m */,
				377D9D0D15516259009D19C0 /* Supporting Files */,
			);
			path = May3;
			sourceTree = "<group>";
		};
		377D9D0D15516259009D19C0 /* Supporting Files */ = {
			isa = PBXGroup;
			children = (
				377D9D3115516748009D19C0 /* beep.mp3 */,
				377D9D3215516748009D19C0 /* star.png */,
				377D9D231551626A009D19C0 /* Default.png */,
				377D9D241551626A009D19C0 /* Icon.png */,
				377D9D0E15516259009D19C0 /* May3-Info.plist */,
				377D9D0F15516259009D19C0 /* InfoPlist.strings */,
				377D9D1215516259009D19C0 /* main.m */,
				377D9D1415516259009D19C0 /* May3-Prefix.pch */,
			);
			name = "Supporting Files";
			sourceTree = "<group>";
		};
/* End PBXGroup section */

/* Begin PBXNativeTarget section */
		377D9D0115516259009D19C0 /* May3 */ = {
			isa = PBXNativeTarget;
			buildConfigurationList = 377D9D2015516259009D19C0 /* Build configuration list for PBXNativeTarget "May3" */;
			buildPhases = (
				377D9CFE15516259009D19C0 /* Sources */,
				377D9CFF15516259009D19C0 /* Frameworks */,
				377D9D0015516259009D19C0 /* Resources */,
			);
			buildRules = (
			);
			dependencies = (
			);
			name = May3;
			productName = May3;
			productReference = 377D9D0215516259009D19C0 /* May3.app */;
			productType = "com.apple.product-type.application";
		};
/* End PBXNativeTarget section */

/* Begin PBXProject section */
		377D9CF915516258009D19C0 /* Project object */ = {
			isa = PBXProject;
			attributes = {
				CLASSPREFIX = May3;
				LastUpgradeCheck = 0430;
				ORGANIZATIONNAME = "Walsh walsh Studio";
			};
			buildConfigurationList = 377D9CFC15516258009D19C0 /* Build configuration list for PBXProject "May3" */;
			compatibilityVersion = "Xcode 3.2";
			developmentRegion = English;
			hasScannedForEncodings = 0;
			knownRegions = (
				en,
			);
			mainGroup = 377D9CF715516258009D19C0;
			productRefGroup = 377D9D0315516259009D19C0 /* Products */;
			projectDirPath = "";
			projectRoot = "";
			targets = (
				377D9D0115516259009D19C0 /* May3 */,
			);
		};
/* End PBXProject section */

/* Begin PBXResourcesBuildPhase section */
		377D9D0015516259009D19C0 /* Resources */ = {
			isa = PBXResourcesBuildPhase;
			buildActionMask = 2147483647;
			files = (
				377D9D1115516259009D19C0 /* InfoPlist.strings in Resources */,
				377D9D251551626A009D19C0 /* Default.png in Resources */,
				377D9D261551626A009D19C0 /* Icon.png in Resources */,
				377D9D3315516748009D19C0 /* beep.mp3 in Resources */,
				377D9D3415516748009D19C0 /* star.png in Resources */,
			);
			runOnlyForDeploymentPostprocessing = 0;
		};
/* End PBXResourcesBuildPhase section */

/* Begin PBXSourcesBuildPhase section */
		377D9CFE15516259009D19C0 /* Sources */ = {
			isa = PBXSourcesBuildPhase;
			buildActionMask = 2147483647;
			files = (
				377D9D1315516259009D19C0 /* main.m in Sources */,
				377D9D1715516259009D19C0 /* May3AppDelegate.m in Sources */,
				377D9D1A15516259009D19C0 /* May3ViewController.m in Sources */,
				377D9D2915516289009D19C0 /* View.m in Sources */,
				377D9D2C15516299009D19C0 /* BrickView.m in Sources */,
			);
			runOnlyForDeploymentPostprocessing = 0;
		};
/* End PBXSourcesBuildPhase section */

/* Begin PBXVariantGroup section */
		377D9D0F15516259009D19C0 /* InfoPlist.strings */ = {
			isa = PBXVariantGroup;
			children = (
				377D9D1015516259009D19C0 /* en */,
			);
			name = InfoPlist.strings;
			sourceTree = "<group>";
		};
/* End PBXVariantGroup section */

/* Begin XCBuildConfiguration section */
		377D9D1E15516259009D19C0 /* Debug */ = {
			isa = XCBuildConfiguration;
			buildSettings = {
				ALWAYS_SEARCH_USER_PATHS = NO;
				ARCHS = "$(ARCHS_STANDARD_32_BIT)";
				CLANG_ENABLE_OBJC_ARC = YES;
				"CODE_SIGN_IDENTITY[sdk=iphoneos*]" = "iPhone Developer";
				COPY_PHASE_STRIP = NO;
				GCC_C_LANGUAGE_STANDARD = gnu99;
				GCC_DYNAMIC_NO_PIC = NO;
				GCC_OPTIMIZATION_LEVEL = 0;
				GCC_PREPROCESSOR_DEFINITIONS = (
					"DEBUG=1",
					"$(inherited)",
				);
				GCC_SYMBOLS_PRIVATE_EXTERN = NO;
				GCC_VERSION = com.apple.compilers.llvm.clang.1_0;
				GCC_WARN_ABOUT_RETURN_TYPE = YES;
				GCC_WARN_UNINITIALIZED_AUTOS = YES;
				GCC_WARN_UNUSED_VARIABLE = YES;
				IPHONEOS_DEPLOYMENT_TARGET = 5.1;
				SDKROOT = iphoneos;
			};
			name = Debug;
		};
		377D9D1F15516259009D19C0 /* Release */ = {
			isa = XCBuildConfiguration;
			buildSettings = {
				ALWAYS_SEARCH_USER_PATHS = NO;
				ARCHS = "$(ARCHS_STANDARD_32_BIT)";
				CLANG_ENABLE_OBJC_ARC = YES;
				"CODE_SIGN_IDENTITY[sdk=iphoneos*]" = "iPhone Developer";
				COPY_PHASE_STRIP = YES;
				GCC_C_LANGUAGE_STANDARD = gnu99;
				GCC_VERSION = com.apple.compilers.llvm.clang.1_0;
				GCC_WARN_ABOUT_RETURN_TYPE = YES;
				GCC_WARN_UNINITIALIZED_AUTOS = YES;
				GCC_WARN_UNUSED_VARIABLE = YES;
				IPHONEOS_DEPLOYMENT_TARGET = 5.1;
				OTHER_CFLAGS = "-DNS_BLOCK_ASSERTIONS=1";
				SDKROOT = iphoneos;
				VALIDATE_PRODUCT = YES;
			};
			name = Release;
		};
		377D9D2115516259009D19C0 /* Debug */ = {
			isa = XCBuildConfiguration;
			buildSettings = {
				GCC_PRECOMPILE_PREFIX_HEADER = YES;
				GCC_PREFIX_HEADER = "May3/May3-Prefix.pch";
				INFOPLIST_FILE = "May3/May3-Info.plist";
				PRODUCT_NAME = "$(TARGET_NAME)";
				WRAPPER_EXTENSION = app;
			};
			name = Debug;
		};
		377D9D2215516259009D19C0 /* Release */ = {
			isa = XCBuildConfiguration;
			buildSettings = {
				GCC_PRECOMPILE_PREFIX_HEADER = YES;
				GCC_PREFIX_HEADER = "May3/May3-Prefix.pch";
				INFOPLIST_FILE = "May3/May3-Info.plist";
				PRODUCT_NAME = "$(TARGET_NAME)";
				WRAPPER_EXTENSION = app;
			};
			name = Release;
		};
/* End XCBuildConfiguration section */

/* Begin XCConfigurationList section */
		377D9CFC15516258009D19C0 /* Build configuration list for PBXProject "May3" */ = {
			isa = XCConfigurationList;
			buildConfigurations = (
				377D9D1E15516259009D19C0 /* Debug */,
				377D9D1F15516259009D19C0 /* Release */,
			);
			defaultConfigurationIsVisible = 0;
			defaultConfigurationName = Release;
		};
		377D9D2015516259009D19C0 /* Build configuration list for PBXNativeTarget "May3" */ = {
			isa = XCConfigurationList;
			buildConfigurations = (
				377D9D2115516259009D19C0 /* Debug */,
				377D9D2215516259009D19C0 /* Release */,
			);
			defaultConfigurationIsVisible = 0;
		};
/* End XCConfigurationList section */
	};
	rootObject = 377D9CF915516258009D19C0 /* Project object */;
}
